
Microsoft Visual Studio Solution File, Format Version 12.00
# Visual Studio Version 16
VisualStudioVersion = 16.0.29709.97
MinimumVisualStudioVersion = 10.0.40219.1
Project("{FAE04EC0-301F-11D3-BF4B-00C04F79EFBC}") = "MorePizza", "MorePizza\MorePizza.csproj", "{54DFA6E2-2003-4F19-B550-CA936C3AC974}"
EndProject
Project("{FAE04EC0-301F-11D3-BF4B-00C04F79EFBC}") = "MorePizzaTest", "MorePizzaTest\MorePizzaTest.csproj", "{719BA994-9087-48F4-B5DF-453066054755}"
EndProject
Project("{FAE04EC0-301F-11D3-BF4B-00C04F79EFBC}") = "OrderTest", "OrderTest\OrderTest.csproj", "{AB525887-83AC-4153-AB2C-761022C13822}"
EndProject
Global
	GlobalSection(SolutionConfigurationPlatforms) = preSolution
		Debug|Any CPU = Debug|Any CPU
		Release|Any CPU = Release|Any CPU
	EndGlobalSection
	GlobalSection(ProjectConfigurationPlatforms) = postSolution
		{54DFA6E2-2003-4F19-B550-CA936C3AC974}.Debug|Any CPU.ActiveCfg = Debug|Any CPU
		{54DFA6E2-2003-4F19-B550-CA936C3AC974}.Debug|Any CPU.Build.0 = Debug|Any CPU
		{54DFA6E2-2003-4F19-B550-CA936C3AC974}.Release|Any CPU.ActiveCfg = Release|Any CPU
		{54DFA6E2-2003-4F19-B550-CA936C3AC974}.Release|Any CPU.Build.0 = Release|Any CPU
		{719BA994-9087-48F4-B5DF-453066054755}.Debug|Any CPU.ActiveCfg = Debug|Any CPU
		{719BA994-9087-48F4-B5DF-453066054755}.Debug|Any CPU.Build.0 = Debug|Any CPU
		{719BA994-9087-48F4-B5DF-453066054755}.Release|Any CPU.ActiveCfg = Release|Any CPU
		{719BA994-9087-48F4-B5DF-453066054755}.Release|Any CPU.Build.0 = Release|Any CPU
		{AB525887-83AC-4153-AB2C-761022C13822}.Debug|Any CPU.ActiveCfg = Debug|Any CPU
		{AB525887-83AC-4153-AB2C-761022C13822}.Debug|Any CPU.Build.0 = Debug|Any CPU
		{AB525887-83AC-4153-AB2C-761022C13822}.Release|Any CPU.ActiveCfg = Release|Any CPU
		{AB525887-83AC-4153-AB2C-761022C13822}.Release|Any CPU.Build.0 = Release|Any CPU
	EndGlobalSection
	GlobalSection(SolutionProperties) = preSolution
		HideSolutionNode = FALSE
	EndGlobalSection
	GlobalSection(ExtensibilityGlobals) = postSolution
		SolutionGuid = {891502C3-49B2-4CEB-929D-126F20BFAAFF}
	EndGlobalSection
EndGlobal
